
Microsoft Visual Studio Solution File, Format Version 12.00
# Visual Studio 14
VisualStudioVersion = 14.0.25420.1
MinimumVisualStudioVersion = 10.0.40219.1
Project("{F2A71F9B-5D33-465A-A702-920D77279786}") = "QuoteCapture", "src\QuoteCapture\QuoteCapture.fsproj", "{337E0DC9-9B5C-4764-BA0D-B70495BCB0F2}"
EndProject
Project("{F2A71F9B-5D33-465A-A702-920D77279786}") = "QuoteCapture.Oanda", "src\QuoteCapture.Oanda\QuoteCapture.Oanda.fsproj", "{EAA12687-8AB6-4576-B703-5F3059FB5230}"
EndProject
Project("{F2A71F9B-5D33-465A-A702-920D77279786}") = "QuoteCapture.Yahoo", "src\QuoteCapture.Yahoo\QuoteCapture.Yahoo.fsproj", "{66824254-7086-4E51-AC9E-62FA3A72AF01}"
EndProject
Project("{2150E333-8FDC-42A3-9474-1A3956D46DE8}") = "sql", "sql", "{92A7A953-11B0-4612-8598-785A28D1B438}"
EndProject
Project("{2150E333-8FDC-42A3-9474-1A3956D46DE8}") = "Oanda", "Oanda", "{84EF2709-0EC0-4CB3-93D1-B9F46DDBCB58}"
	ProjectSection(SolutionItems) = preProject
		sql\Oanda\InsertInterestRate.sql = sql\Oanda\InsertInterestRate.sql
		sql\Oanda\InsertQuote.sql = sql\Oanda\InsertQuote.sql
		sql\Oanda\SelectCurrencyByName.sql = sql\Oanda\SelectCurrencyByName.sql
		sql\Oanda\SelectInterestRates.sql = sql\Oanda\SelectInterestRates.sql
		sql\Oanda\SelectPairByCurrencyNames.sql = sql\Oanda\SelectPairByCurrencyNames.sql
		sql\Oanda\SelectPairsActive.sql = sql\Oanda\SelectPairsActive.sql
		sql\Oanda\SelectQuoteLatestDate.sql = sql\Oanda\SelectQuoteLatestDate.sql
	EndProjectSection
EndProject
Project("{2150E333-8FDC-42A3-9474-1A3956D46DE8}") = "Yahoo", "Yahoo", "{C61CB335-88AB-4CEE-8C05-30816B670F3D}"
	ProjectSection(SolutionItems) = preProject
		sql\Yahoo\InsertDivid.sql = sql\Yahoo\InsertDivid.sql
		sql\Yahoo\InsertQuote.sql = sql\Yahoo\InsertQuote.sql
		sql\Yahoo\InsertSplit.sql = sql\Yahoo\InsertSplit.sql
		sql\Yahoo\SelectHolidays.sql = sql\Yahoo\SelectHolidays.sql
		sql\Yahoo\SelectIssueByTicker.sql = sql\Yahoo\SelectIssueByTicker.sql
		sql\Yahoo\SelectIssuesActive.sql = sql\Yahoo\SelectIssuesActive.sql
		sql\Yahoo\SelectQuoteLatestDate.sql = sql\Yahoo\SelectQuoteLatestDate.sql
	EndProjectSection
EndProject
Global
	GlobalSection(SolutionConfigurationPlatforms) = preSolution
		Debug|Any CPU = Debug|Any CPU
		Release|Any CPU = Release|Any CPU
	EndGlobalSection
	GlobalSection(ProjectConfigurationPlatforms) = postSolution
		{337E0DC9-9B5C-4764-BA0D-B70495BCB0F2}.Debug|Any CPU.ActiveCfg = Debug|Any CPU
		{337E0DC9-9B5C-4764-BA0D-B70495BCB0F2}.Debug|Any CPU.Build.0 = Debug|Any CPU
		{337E0DC9-9B5C-4764-BA0D-B70495BCB0F2}.Release|Any CPU.ActiveCfg = Release|Any CPU
		{337E0DC9-9B5C-4764-BA0D-B70495BCB0F2}.Release|Any CPU.Build.0 = Release|Any CPU
		{EAA12687-8AB6-4576-B703-5F3059FB5230}.Debug|Any CPU.ActiveCfg = Debug|Any CPU
		{EAA12687-8AB6-4576-B703-5F3059FB5230}.Debug|Any CPU.Build.0 = Debug|Any CPU
		{EAA12687-8AB6-4576-B703-5F3059FB5230}.Release|Any CPU.ActiveCfg = Release|Any CPU
		{EAA12687-8AB6-4576-B703-5F3059FB5230}.Release|Any CPU.Build.0 = Release|Any CPU
		{66824254-7086-4E51-AC9E-62FA3A72AF01}.Debug|Any CPU.ActiveCfg = Debug|Any CPU
		{66824254-7086-4E51-AC9E-62FA3A72AF01}.Debug|Any CPU.Build.0 = Debug|Any CPU
		{66824254-7086-4E51-AC9E-62FA3A72AF01}.Release|Any CPU.ActiveCfg = Release|Any CPU
		{66824254-7086-4E51-AC9E-62FA3A72AF01}.Release|Any CPU.Build.0 = Release|Any CPU
	EndGlobalSection
	GlobalSection(SolutionProperties) = preSolution
		HideSolutionNode = FALSE
	EndGlobalSection
	GlobalSection(NestedProjects) = preSolution
		{84EF2709-0EC0-4CB3-93D1-B9F46DDBCB58} = {92A7A953-11B0-4612-8598-785A28D1B438}
		{C61CB335-88AB-4CEE-8C05-30816B670F3D} = {92A7A953-11B0-4612-8598-785A28D1B438}
	EndGlobalSection
EndGlobal
